
Microsoft Visual Studio Solution File, Format Version 12.00
# Visual Studio 15
VisualStudioVersion = 15.0.28010.2026
MinimumVisualStudioVersion = 10.0.40219.1
Project("{FAE04EC0-301F-11D3-BF4B-00C04F79EFBC}") = "LabW4 - Wendy Noel", "LabW4 - Wendy Noel\LabW4 - Wendy Noel.csproj", "{C881A8B6-3D70-45AF-B1C3-D6C34EE61FBE}"
EndProject
Global
	GlobalSection(SolutionConfigurationPlatforms) = preSolution
		Debug|Any CPU = Debug|Any CPU
		Release|Any CPU = Release|Any CPU
	EndGlobalSection
	GlobalSection(ProjectConfigurationPlatforms) = postSolution
		{C881A8B6-3D70-45AF-B1C3-D6C34EE61FBE}.Debug|Any CPU.ActiveCfg = Debug|Any CPU
		{C881A8B6-3D70-45AF-B1C3-D6C34EE61FBE}.Debug|Any CPU.Build.0 = Debug|Any CPU
		{C881A8B6-3D70-45AF-B1C3-D6C34EE61FBE}.Release|Any CPU.ActiveCfg = Release|Any CPU
		{C881A8B6-3D70-45AF-B1C3-D6C34EE61FBE}.Release|Any CPU.Build.0 = Release|Any CPU
	EndGlobalSection
	GlobalSection(SolutionProperties) = preSolution
		HideSolutionNode = FALSE
	EndGlobalSection
	GlobalSection(ExtensibilityGlobals) = postSolution
		SolutionGuid = {54BD41E6-B6EE-4804-A19C-C642FA1C46E6}
	EndGlobalSection
EndGlobal
